
Microsoft Visual Studio Solution File, Format Version 12.00
# Visual Studio Version 17
VisualStudioVersion = 17.8.34322.80
MinimumVisualStudioVersion = 10.0.40219.1
Project("{9A19103F-16F7-4668-BE54-9A1E7A4F7556}") = "CarShop", "CarShop\CarShop.csproj", "{CF2D4CEB-3885-49CE-835B-ED94C876F0A6}"
EndProject
Project("{FAE04EC0-301F-11D3-BF4B-00C04F79EFBC}") = "CarShop.DataAccess", "CarShop.DataAccess\CarShop.DataAccess.csproj", "{7792E542-935B-4638-A3CB-86B438210B60}"
EndProject
Project("{FAE04EC0-301F-11D3-BF4B-00C04F79EFBC}") = "CarShop.Models", "CarShop.Models\CarShop.Models.csproj", "{5A9BFE24-F3C7-4C8C-81FC-FB37ADA9E9A4}"
EndProject
Project("{FAE04EC0-301F-11D3-BF4B-00C04F79EFBC}") = "CarShop.Utility", "CarShop.Utility\CarShop.Utility.csproj", "{84310ADB-0256-4448-B488-F072CFB29AE2}"
EndProject
Global
	GlobalSection(SolutionConfigurationPlatforms) = preSolution
		Debug|Any CPU = Debug|Any CPU
		Release|Any CPU = Release|Any CPU
	EndGlobalSection
	GlobalSection(ProjectConfigurationPlatforms) = postSolution
		{CF2D4CEB-3885-49CE-835B-ED94C876F0A6}.Debug|Any CPU.ActiveCfg = Debug|Any CPU
		{CF2D4CEB-3885-49CE-835B-ED94C876F0A6}.Debug|Any CPU.Build.0 = Debug|Any CPU
		{CF2D4CEB-3885-49CE-835B-ED94C876F0A6}.Release|Any CPU.ActiveCfg = Release|Any CPU
		{CF2D4CEB-3885-49CE-835B-ED94C876F0A6}.Release|Any CPU.Build.0 = Release|Any CPU
		{7792E542-935B-4638-A3CB-86B438210B60}.Debug|Any CPU.ActiveCfg = Debug|Any CPU
		{7792E542-935B-4638-A3CB-86B438210B60}.Debug|Any CPU.Build.0 = Debug|Any CPU
		{7792E542-935B-4638-A3CB-86B438210B60}.Release|Any CPU.ActiveCfg = Release|Any CPU
		{7792E542-935B-4638-A3CB-86B438210B60}.Release|Any CPU.Build.0 = Release|Any CPU
		{5A9BFE24-F3C7-4C8C-81FC-FB37ADA9E9A4}.Debug|Any CPU.ActiveCfg = Debug|Any CPU
		{5A9BFE24-F3C7-4C8C-81FC-FB37ADA9E9A4}.Debug|Any CPU.Build.0 = Debug|Any CPU
		{5A9BFE24-F3C7-4C8C-81FC-FB37ADA9E9A4}.Release|Any CPU.ActiveCfg = Release|Any CPU
		{5A9BFE24-F3C7-4C8C-81FC-FB37ADA9E9A4}.Release|Any CPU.Build.0 = Release|Any CPU
		{84310ADB-0256-4448-B488-F072CFB29AE2}.Debug|Any CPU.ActiveCfg = Debug|Any CPU
		{84310ADB-0256-4448-B488-F072CFB29AE2}.Debug|Any CPU.Build.0 = Debug|Any CPU
		{84310ADB-0256-4448-B488-F072CFB29AE2}.Release|Any CPU.ActiveCfg = Release|Any CPU
		{84310ADB-0256-4448-B488-F072CFB29AE2}.Release|Any CPU.Build.0 = Release|Any CPU
	EndGlobalSection
	GlobalSection(SolutionProperties) = preSolution
		HideSolutionNode = FALSE
	EndGlobalSection
	GlobalSection(ExtensibilityGlobals) = postSolution
		SolutionGuid = {B8E3954D-DE9A-47E5-B14D-27DABD7961A1}
	EndGlobalSection
EndGlobal
